
Microsoft Visual Studio Solution File, Format Version 12.00
# Visual Studio 15
VisualStudioVersion = 15.0.28307.1684
MinimumVisualStudioVersion = 10.0.40219.1
Project("{FAE04EC0-301F-11D3-BF4B-00C04F79EFBC}") = "Dungeon", "..\Dungeon\Dungeon.csproj", "{0F0514F2-50F9-42EB-8141-A5353443A013}"
EndProject
Project("{FAE04EC0-301F-11D3-BF4B-00C04F79EFBC}") = "DungeonLibrary", "CharacterClasses\DungeonLibrary.csproj", "{7A3BEDE3-49C4-4CAB-9363-129FE9E02D07}"
EndProject
Project("{FAE04EC0-301F-11D3-BF4B-00C04F79EFBC}") = "DungeonMonsters", "DungeonMonsters\DungeonMonsters.csproj", "{5A8F59B5-7D74-4E53-8B0A-A1FA5BFD01D8}"
EndProject
Global
	GlobalSection(SolutionConfigurationPlatforms) = preSolution
		Debug|Any CPU = Debug|Any CPU
		Release|Any CPU = Release|Any CPU
	EndGlobalSection
	GlobalSection(ProjectConfigurationPlatforms) = postSolution
		{0F0514F2-50F9-42EB-8141-A5353443A013}.Debug|Any CPU.ActiveCfg = Debug|Any CPU
		{0F0514F2-50F9-42EB-8141-A5353443A013}.Debug|Any CPU.Build.0 = Debug|Any CPU
		{0F0514F2-50F9-42EB-8141-A5353443A013}.Release|Any CPU.ActiveCfg = Release|Any CPU
		{0F0514F2-50F9-42EB-8141-A5353443A013}.Release|Any CPU.Build.0 = Release|Any CPU
		{7A3BEDE3-49C4-4CAB-9363-129FE9E02D07}.Debug|Any CPU.ActiveCfg = Debug|Any CPU
		{7A3BEDE3-49C4-4CAB-9363-129FE9E02D07}.Debug|Any CPU.Build.0 = Debug|Any CPU
		{7A3BEDE3-49C4-4CAB-9363-129FE9E02D07}.Release|Any CPU.ActiveCfg = Release|Any CPU
		{7A3BEDE3-49C4-4CAB-9363-129FE9E02D07}.Release|Any CPU.Build.0 = Release|Any CPU
		{5A8F59B5-7D74-4E53-8B0A-A1FA5BFD01D8}.Debug|Any CPU.ActiveCfg = Debug|Any CPU
		{5A8F59B5-7D74-4E53-8B0A-A1FA5BFD01D8}.Debug|Any CPU.Build.0 = Debug|Any CPU
		{5A8F59B5-7D74-4E53-8B0A-A1FA5BFD01D8}.Release|Any CPU.ActiveCfg = Release|Any CPU
		{5A8F59B5-7D74-4E53-8B0A-A1FA5BFD01D8}.Release|Any CPU.Build.0 = Release|Any CPU
	EndGlobalSection
	GlobalSection(SolutionProperties) = preSolution
		HideSolutionNode = FALSE
	EndGlobalSection
	GlobalSection(ExtensibilityGlobals) = postSolution
		SolutionGuid = {2F60582A-AE35-459E-8E9C-EFF2A49FAB88}
	EndGlobalSection
EndGlobal
